
Microsoft Visual Studio Solution File, Format Version 12.00
# Visual Studio Version 17
VisualStudioVersion = 17.2.32505.173
MinimumVisualStudioVersion = 10.0.40219.1
Project("{FAE04EC0-301F-11D3-BF4B-00C04F79EFBC}") = "AniListNet", "AniListNet\AniListNet.csproj", "{E1542B17-C464-47AB-A617-CB93FAE42B1C}"
EndProject
Project("{FAE04EC0-301F-11D3-BF4B-00C04F79EFBC}") = "AniListNet.Tests", "AniListNet.Tests\AniListNet.Tests.csproj", "{F09DECFB-32AD-4613-A896-3F852D41BB3C}"
EndProject
Global
	GlobalSection(SolutionConfigurationPlatforms) = preSolution
		Debug|Any CPU = Debug|Any CPU
		Release|Any CPU = Release|Any CPU
	EndGlobalSection
	GlobalSection(ProjectConfigurationPlatforms) = postSolution
		{E1542B17-C464-47AB-A617-CB93FAE42B1C}.Debug|Any CPU.ActiveCfg = Debug|Any CPU
		{E1542B17-C464-47AB-A617-CB93FAE42B1C}.Debug|Any CPU.Build.0 = Debug|Any CPU
		{E1542B17-C464-47AB-A617-CB93FAE42B1C}.Release|Any CPU.ActiveCfg = Release|Any CPU
		{E1542B17-C464-47AB-A617-CB93FAE42B1C}.Release|Any CPU.Build.0 = Release|Any CPU
		{F09DECFB-32AD-4613-A896-3F852D41BB3C}.Debug|Any CPU.ActiveCfg = Debug|Any CPU
		{F09DECFB-32AD-4613-A896-3F852D41BB3C}.Debug|Any CPU.Build.0 = Debug|Any CPU
		{F09DECFB-32AD-4613-A896-3F852D41BB3C}.Release|Any CPU.ActiveCfg = Release|Any CPU
		{F09DECFB-32AD-4613-A896-3F852D41BB3C}.Release|Any CPU.Build.0 = Release|Any CPU
	EndGlobalSection
	GlobalSection(SolutionProperties) = preSolution
		HideSolutionNode = FALSE
	EndGlobalSection
	GlobalSection(ExtensibilityGlobals) = postSolution
		SolutionGuid = {902CBA74-8C07-49F9-9B82-2CF0B118BAD1}
	EndGlobalSection
EndGlobal
